
Microsoft Visual Studio Solution File, Format Version 12.00
# Visual Studio 15
Project("{FAE04EC0-301F-11D3-BF4B-00C04F79EFBC}") = "Assembly-CSharp", "Assembly-CSharp.csproj", "{73501B9B-FC03-DF59-3F97-268E05027CE1}"
EndProject
Project("{FAE04EC0-301F-11D3-BF4B-00C04F79EFBC}") = "Assembly-CSharp-Editor", "Assembly-CSharp-Editor.csproj", "{ED37CC26-25D3-4F38-FD92-EEDB7ED0AF16}"
EndProject
Global
	GlobalSection(SolutionConfigurationPlatforms) = preSolution
		Debug|Any CPU = Debug|Any CPU
		Release|Any CPU = Release|Any CPU
	EndGlobalSection
	GlobalSection(ProjectConfigurationPlatforms) = postSolution
		{73501B9B-FC03-DF59-3F97-268E05027CE1}.Debug|Any CPU.ActiveCfg = Debug|Any CPU
		{73501B9B-FC03-DF59-3F97-268E05027CE1}.Debug|Any CPU.Build.0 = Debug|Any CPU
		{73501B9B-FC03-DF59-3F97-268E05027CE1}.Release|Any CPU.ActiveCfg = Release|Any CPU
		{73501B9B-FC03-DF59-3F97-268E05027CE1}.Release|Any CPU.Build.0 = Release|Any CPU
		{ED37CC26-25D3-4F38-FD92-EEDB7ED0AF16}.Debug|Any CPU.ActiveCfg = Debug|Any CPU
		{ED37CC26-25D3-4F38-FD92-EEDB7ED0AF16}.Debug|Any CPU.Build.0 = Debug|Any CPU
		{ED37CC26-25D3-4F38-FD92-EEDB7ED0AF16}.Release|Any CPU.ActiveCfg = Release|Any CPU
		{ED37CC26-25D3-4F38-FD92-EEDB7ED0AF16}.Release|Any CPU.Build.0 = Release|Any CPU
	EndGlobalSection
	GlobalSection(SolutionProperties) = preSolution
		HideSolutionNode = FALSE
	EndGlobalSection
EndGlobal
